// !$*UTF8*$!
{
	archiveVersion = 1;
	classes = {
	};
	objectVersion = 51;
	objects = {

/* Begin PBXBuildFile section */
		339D0ED861BFBD488687D682 /* Pods_ACore_ACoreTests.framework in Frameworks */ = {isa = PBXBuildFile; fileRef = 06C676AC9E1B081EDE0377F7 /* Pods_ACore_ACoreTests.framework */; };
		6BCFF9BAC9C6F0BDBB626B39 /* Pods_ACore.framework in Frameworks */ = {isa = PBXBuildFile; fileRef = FB095296C248EDF88067A2C6 /* Pods_ACore.framework */; };
		7F5D4DB5262D537300B4D8B5 /* ACore.framework in Frameworks */ = {isa = PBXBuildFile; fileRef = 7F5D4DAB262D537300B4D8B5 /* ACore.framework */; };
		7F5D4DBA262D537300B4D8B5 /* ACoreTests.swift in Sources */ = {isa = PBXBuildFile; fileRef = 7F5D4DB9262D537300B4D8B5 /* ACoreTests.swift */; };
		7F5D4DBC262D537300B4D8B5 /* ACore.h in Headers */ = {isa = PBXBuildFile; fileRef = 7F5D4DAE262D537300B4D8B5 /* ACore.h */; settings = {ATTRIBUTES = (Public, ); }; };
		7F5D4DED262D57C400B4D8B5 /* Hello.swift in Sources */ = {isa = PBXBuildFile; fileRef = 7F5D4DEC262D57C400B4D8B5 /* Hello.swift */; };
/* End PBXBuildFile section */

/* Begin PBXContainerItemProxy section */
		7F5D4DB6262D537300B4D8B5 /* PBXContainerItemProxy */ = {
			isa = PBXContainerItemProxy;
			containerPortal = 7F5D4DA2262D537300B4D8B5 /* Project object */;
			proxyType = 1;
			remoteGlobalIDString = 7F5D4DAA262D537300B4D8B5;
			remoteInfo = ACore;
		};
/* End PBXContainerItemProxy section */

/* Begin PBXFileReference section */
		06C676AC9E1B081EDE0377F7 /* Pods_ACore_ACoreTests.framework */ = {isa = PBXFileReference; explicitFileType = wrapper.framework; includeInIndex = 0; path = Pods_ACore_ACoreTests.framework; sourceTree = BUILT_PRODUCTS_DIR; };
		2D41D6DEBF12F16AD90A6B42 /* Pods-ACore.debug.xcconfig */ = {isa = PBXFileReference; includeInIndex = 1; lastKnownFileType = text.xcconfig; name = "Pods-ACore.debug.xcconfig"; path = "Target Support Files/Pods-ACore/Pods-ACore.debug.xcconfig"; sourceTree = "<group>"; };
		469BC648BF09ADE4120B3E98 /* Pods-ACore-ACoreTests.debug.xcconfig */ = {isa = PBXFileReference; includeInIndex = 1; lastKnownFileType = text.xcconfig; name = "Pods-ACore-ACoreTests.debug.xcconfig"; path = "Target Support Files/Pods-ACore-ACoreTests/Pods-ACore-ACoreTests.debug.xcconfig"; sourceTree = "<group>"; };
		7F5D4DAB262D537300B4D8B5 /* ACore.framework */ = {isa = PBXFileReference; explicitFileType = wrapper.framework; includeInIndex = 0; path = ACore.framework; sourceTree = BUILT_PRODUCTS_DIR; };
		7F5D4DAE262D537300B4D8B5 /* ACore.h */ = {isa = PBXFileReference; lastKnownFileType = sourcecode.c.h; path = ACore.h; sourceTree = "<group>"; };
		7F5D4DAF262D537300B4D8B5 /* Info.plist */ = {isa = PBXFileReference; lastKnownFileType = text.plist.xml; path = Info.plist; sourceTree = "<group>"; };
		7F5D4DB4262D537300B4D8B5 /* ACoreTests.xctest */ = {isa = PBXFileReference; explicitFileType = wrapper.cfbundle; includeInIndex = 0; path = ACoreTests.xctest; sourceTree = BUILT_PRODUCTS_DIR; };
		7F5D4DB9262D537300B4D8B5 /* ACoreTests.swift */ = {isa = PBXFileReference; lastKnownFileType = sourcecode.swift; path = ACoreTests.swift; sourceTree = "<group>"; };
		7F5D4DBB262D537300B4D8B5 /* Info.plist */ = {isa = PBXFileReference; lastKnownFileType = text.plist.xml; path = Info.plist; sourceTree = "<group>"; };
		7F5D4DEC262D57C400B4D8B5 /* Hello.swift */ = {isa = PBXFileReference; lastKnownFileType = sourcecode.swift; path = Hello.swift; sourceTree = "<group>"; };
		A74D159D2D94AF1318952D78 /* Pods-ACore-ACoreTests.release.xcconfig */ = {isa = PBXFileReference; includeInIndex = 1; lastKnownFileType = text.xcconfig; name = "Pods-ACore-ACoreTests.release.xcconfig"; path = "Target Support Files/Pods-ACore-ACoreTests/Pods-ACore-ACoreTests.release.xcconfig"; sourceTree = "<group>"; };
		C81F6C76A34934A719379D25 /* Pods-ACore.release.xcconfig */ = {isa = PBXFileReference; includeInIndex = 1; lastKnownFileType = text.xcconfig; name = "Pods-ACore.release.xcconfig"; path = "Target Support Files/Pods-ACore/Pods-ACore.release.xcconfig"; sourceTree = "<group>"; };
		FB095296C248EDF88067A2C6 /* Pods_ACore.framework */ = {isa = PBXFileReference; explicitFileType = wrapper.framework; includeInIndex = 0; path = Pods_ACore.framework; sourceTree = BUILT_PRODUCTS_DIR; };
/* End PBXFileReference section */

/* Begin PBXFrameworksBuildPhase section */
		7F5D4DA8262D537300B4D8B5 /* Frameworks */ = {
			isa = PBXFrameworksBuildPhase;
			buildActionMask = 2147483647;
			files = (
				6BCFF9BAC9C6F0BDBB626B39 /* Pods_ACore.framework in Frameworks */,
			);
			runOnlyForDeploymentPostprocessing = 0;
		};
		7F5D4DB1262D537300B4D8B5 /* Frameworks */ = {
			isa = PBXFrameworksBuildPhase;
			buildActionMask = 2147483647;
			files = (
				7F5D4DB5262D537300B4D8B5 /* ACore.framework in Frameworks */,
				339D0ED861BFBD488687D682 /* Pods_ACore_ACoreTests.framework in Frameworks */,
			);
			runOnlyForDeploymentPostprocessing = 0;
		};
/* End PBXFrameworksBuildPhase section */

/* Begin PBXGroup section */
		7F5D4DA1262D537300B4D8B5 = {
			isa = PBXGroup;
			children = (
				7F5D4DAD262D537300B4D8B5 /* ACore */,
				7F5D4DB8262D537300B4D8B5 /* ACoreTests */,
				7F5D4DAC262D537300B4D8B5 /* Products */,
				FDC40A318526C43B70338C66 /* Pods */,
				E035455D97E115711EB902DE /* Frameworks */,
			);
			sourceTree = "<group>";
		};
		7F5D4DAC262D537300B4D8B5 /* Products */ = {
			isa = PBXGroup;
			children = (
				7F5D4DAB262D537300B4D8B5 /* ACore.framework */,
				7F5D4DB4262D537300B4D8B5 /* ACoreTests.xctest */,
			);
			name = Products;
			sourceTree = "<group>";
		};
		7F5D4DAD262D537300B4D8B5 /* ACore */ = {
			isa = PBXGroup;
			children = (
				7F5D4DFE262D608F00B4D8B5 /* Sources */,
				7F5D4DAE262D537300B4D8B5 /* ACore.h */,
				7F5D4DAF262D537300B4D8B5 /* Info.plist */,
			);
			path = ACore;
			sourceTree = "<group>";
		};
		7F5D4DB8262D537300B4D8B5 /* ACoreTests */ = {
			isa = PBXGroup;
			children = (
				7F5D4DB9262D537300B4D8B5 /* ACoreTests.swift */,
				7F5D4DBB262D537300B4D8B5 /* Info.plist */,
			);
			path = ACoreTests;
			sourceTree = "<group>";
		};
		7F5D4DFE262D608F00B4D8B5 /* Sources */ = {
			isa = PBXGroup;
			children = (
				7F5D4DFF262D649700B4D8B5 /* Hello */,
			);
			path = Sources;
			sourceTree = "<group>";
		};
		7F5D4DFF262D649700B4D8B5 /* Hello */ = {
			isa = PBXGroup;
			children = (
				7F5D4DEC262D57C400B4D8B5 /* Hello.swift */,
			);
			path = Hello;
			sourceTree = "<group>";
		};
		E035455D97E115711EB902DE /* Frameworks */ = {
			isa = PBXGroup;
			children = (
				FB095296C248EDF88067A2C6 /* Pods_ACore.framework */,
				06C676AC9E1B081EDE0377F7 /* Pods_ACore_ACoreTests.framework */,
			);
			name = Frameworks;
			sourceTree = "<group>";
		};
		FDC40A318526C43B70338C66 /* Pods */ = {
			isa = PBXGroup;
			children = (
				2D41D6DEBF12F16AD90A6B42 /* Pods-ACore.debug.xcconfig */,
				C81F6C76A34934A719379D25 /* Pods-ACore.release.xcconfig */,
				469BC648BF09ADE4120B3E98 /* Pods-ACore-ACoreTests.debug.xcconfig */,
				A74D159D2D94AF1318952D78 /* Pods-ACore-ACoreTests.release.xcconfig */,
			);
			path = Pods;
			sourceTree = "<group>";
		};
/* End PBXGroup section */

/* Begin PBXHeadersBuildPhase section */
		7F5D4DA6262D537300B4D8B5 /* Headers */ = {
			isa = PBXHeadersBuildPhase;
			buildActionMask = 2147483647;
			files = (
				7F5D4DBC262D537300B4D8B5 /* ACore.h in Headers */,
			);
			runOnlyForDeploymentPostprocessing = 0;
		};
/* End PBXHeadersBuildPhase section */

/* Begin PBXNativeTarget section */
		7F5D4DAA262D537300B4D8B5 /* ACore */ = {
			isa = PBXNativeTarget;
			buildConfigurationList = 7F5D4DBF262D537300B4D8B5 /* Build configuration list for PBXNativeTarget "ACore" */;
			buildPhases = (
				53FE6BABF33E3D3D3FA94C3B /* [CP] Check Pods Manifest.lock */,
				7F5D4DA6262D537300B4D8B5 /* Headers */,
				7F5D4DA7262D537300B4D8B5 /* Sources */,
				7F5D4DA8262D537300B4D8B5 /* Frameworks */,
				7F5D4DA9262D537300B4D8B5 /* Resources */,
			);
			buildRules = (
			);
			dependencies = (
			);
			name = ACore;
			productName = ACore;
			productReference = 7F5D4DAB262D537300B4D8B5 /* ACore.framework */;
			productType = "com.apple.product-type.framework";
		};
		7F5D4DB3262D537300B4D8B5 /* ACoreTests */ = {
			isa = PBXNativeTarget;
			buildConfigurationList = 7F5D4DC2262D537300B4D8B5 /* Build configuration list for PBXNativeTarget "ACoreTests" */;
			buildPhases = (
				7FE50AD22C93FE963A568650 /* [CP] Check Pods Manifest.lock */,
				7F5D4DB0262D537300B4D8B5 /* Sources */,
				7F5D4DB1262D537300B4D8B5 /* Frameworks */,
				7F5D4DB2262D537300B4D8B5 /* Resources */,
				370C174A77255EEE6EBB1C5A /* [CP] Embed Pods Frameworks */,
			);
			buildRules = (
			);
			dependencies = (
				7F5D4DB7262D537300B4D8B5 /* PBXTargetDependency */,
			);
			name = ACoreTests;
			productName = ACoreTests;
			productReference = 7F5D4DB4262D537300B4D8B5 /* ACoreTests.xctest */;
			productType = "com.apple.product-type.bundle.unit-test";
		};
/* End PBXNativeTarget section */

/* Begin PBXProject section */
		7F5D4DA2262D537300B4D8B5 /* Project object */ = {
			isa = PBXProject;
			attributes = {
				LastSwiftUpdateCheck = 1240;
				LastUpgradeCheck = 1240;
				TargetAttributes = {
					7F5D4DAA262D537300B4D8B5 = {
						CreatedOnToolsVersion = 12.4;
						LastSwiftMigration = 1240;
					};
					7F5D4DB3262D537300B4D8B5 = {
						CreatedOnToolsVersion = 12.4;
					};
				};
			};
			buildConfigurationList = 7F5D4DA5262D537300B4D8B5 /* Build configuration list for PBXProject "ACore" */;
			compatibilityVersion = "Xcode 9.3";
			developmentRegion = en;
			hasScannedForEncodings = 0;
			knownRegions = (
				en,
				Base,
			);
			mainGroup = 7F5D4DA1262D537300B4D8B5;
			productRefGroup = 7F5D4DAC262D537300B4D8B5 /* Products */;
			projectDirPath = "";
			projectRoot = "";
			targets = (
				7F5D4DAA262D537300B4D8B5 /* ACore */,
				7F5D4DB3262D537300B4D8B5 /* ACoreTests */,
			);
		};
/* End PBXProject section */

/* Begin PBXResourcesBuildPhase section */
		7F5D4DA9262D537300B4D8B5 /* Resources */ = {
			isa = PBXResourcesBuildPhase;
			buildActionMask = 2147483647;
			files = (
			);
			runOnlyForDeploymentPostprocessing = 0;
		};
		7F5D4DB2262D537300B4D8B5 /* Resources */ = {
			isa = PBXResourcesBuildPhase;
			buildActionMask = 2147483647;
			files = (
			);
			runOnlyForDeploymentPostprocessing = 0;
		};
/* End PBXResourcesBuildPhase section */

/* Begin PBXShellScriptBuildPhase section */
		370C174A77255EEE6EBB1C5A /* [CP] Embed Pods Frameworks */ = {
			isa = PBXShellScriptBuildPhase;
			buildActionMask = 2147483647;
			files = (
			);
			inputFileListPaths = (
				"${PODS_ROOT}/Target Support Files/Pods-ACore-ACoreTests/Pods-ACore-ACoreTests-frameworks-${CONFIGURATION}-input-files.xcfilelist",
			);
			name = "[CP] Embed Pods Frameworks";
			outputFileListPaths = (
				"${PODS_ROOT}/Target Support Files/Pods-ACore-ACoreTests/Pods-ACore-ACoreTests-frameworks-${CONFIGURATION}-output-files.xcfilelist",
			);
			runOnlyForDeploymentPostprocessing = 0;
			shellPath = /bin/sh;
			shellScript = "\"${PODS_ROOT}/Target Support Files/Pods-ACore-ACoreTests/Pods-ACore-ACoreTests-frameworks.sh\"\n";
			showEnvVarsInLog = 0;
		};
		53FE6BABF33E3D3D3FA94C3B /* [CP] Check Pods Manifest.lock */ = {
			isa = PBXShellScriptBuildPhase;
			buildActionMask = 2147483647;
			files = (
			);
			inputFileListPaths = (
			);
			inputPaths = (
				"${PODS_PODFILE_DIR_PATH}/Podfile.lock",
				"${PODS_ROOT}/Manifest.lock",
			);
			name = "[CP] Check Pods Manifest.lock";
			outputFileListPaths = (
			);
			outputPaths = (
				"$(DERIVED_FILE_DIR)/Pods-ACore-checkManifestLockResult.txt",
			);
			runOnlyForDeploymentPostprocessing = 0;
			shellPath = /bin/sh;
			shellScript = "diff \"${PODS_PODFILE_DIR_PATH}/Podfile.lock\" \"${PODS_ROOT}/Manifest.lock\" > /dev/null\nif [ $? != 0 ] ; then\n    # print error to STDERR\n    echo \"error: The sandbox is not in sync with the Podfile.lock. Run 'pod install' or update your CocoaPods installation.\" >&2\n    exit 1\nfi\n# This output is used by Xcode 'outputs' to avoid re-running this script phase.\necho \"SUCCESS\" > \"${SCRIPT_OUTPUT_FILE_0}\"\n";
			showEnvVarsInLog = 0;
		};
		7FE50AD22C93FE963A568650 /* [CP] Check Pods Manifest.lock */ = {
			isa = PBXShellScriptBuildPhase;
			buildActionMask = 2147483647;
			files = (
			);
			inputFileListPaths = (
			);
			inputPaths = (
				"${PODS_PODFILE_DIR_PATH}/Podfile.lock",
				"${PODS_ROOT}/Manifest.lock",
			);
			name = "[CP] Check Pods Manifest.lock";
			outputFileListPaths = (
			);
			outputPaths = (
				"$(DERIVED_FILE_DIR)/Pods-ACore-ACoreTests-checkManifestLockResult.txt",
			);
			runOnlyForDeploymentPostprocessing = 0;
			shellPath = /bin/sh;
			shellScript = "diff \"${PODS_PODFILE_DIR_PATH}/Podfile.lock\" \"${PODS_ROOT}/Manifest.lock\" > /dev/null\nif [ $? != 0 ] ; then\n    # print error to STDERR\n    echo \"error: The sandbox is not in sync with the Podfile.lock. Run 'pod install' or update your CocoaPods installation.\" >&2\n    exit 1\nfi\n# This output is used by Xcode 'outputs' to avoid re-running this script phase.\necho \"SUCCESS\" > \"${SCRIPT_OUTPUT_FILE_0}\"\n";
			showEnvVarsInLog = 0;
		};
/* End PBXShellScriptBuildPhase section */

/* Begin PBXSourcesBuildPhase section */
		7F5D4DA7262D537300B4D8B5 /* Sources */ = {
			isa = PBXSourcesBuildPhase;
			buildActionMask = 2147483647;
			files = (
				7F5D4DED262D57C400B4D8B5 /* Hello.swift in Sources */,
			);
			runOnlyForDeploymentPostprocessing = 0;
		};
		7F5D4DB0262D537300B4D8B5 /* Sources */ = {
			isa = PBXSourcesBuildPhase;
			buildActionMask = 2147483647;
			files = (
				7F5D4DBA262D537300B4D8B5 /* ACoreTests.swift in Sources */,
			);
			runOnlyForDeploymentPostprocessing = 0;
		};
/* End PBXSourcesBuildPhase section */

/* Begin PBXTargetDependency section */
		7F5D4DB7262D537300B4D8B5 /* PBXTargetDependency */ = {
			isa = PBXTargetDependency;
			target = 7F5D4DAA262D537300B4D8B5 /* ACore */;
			targetProxy = 7F5D4DB6262D537300B4D8B5 /* PBXContainerItemProxy */;
		};
/* End PBXTargetDependency section */

/* Begin XCBuildConfiguration section */
		7F5D4DBD262D537300B4D8B5 /* Debug */ = {
			isa = XCBuildConfiguration;
			buildSettings = {
				ALWAYS_SEARCH_USER_PATHS = NO;
				CLANG_ANALYZER_NONNULL = YES;
				CLANG_ANALYZER_NUMBER_OBJECT_CONVERSION = YES_AGGRESSIVE;
				CLANG_CXX_LANGUAGE_STANDARD = "gnu++14";
				CLANG_CXX_LIBRARY = "libc++";
				CLANG_ENABLE_MODULES = YES;
				CLANG_ENABLE_OBJC_ARC = YES;
				CLANG_ENABLE_OBJC_WEAK = YES;
				CLANG_WARN_BLOCK_CAPTURE_AUTORELEASING = YES;
				CLANG_WARN_BOOL_CONVERSION = YES;
				CLANG_WARN_COMMA = YES;
				CLANG_WARN_CONSTANT_CONVERSION = YES;
				CLANG_WARN_DEPRECATED_OBJC_IMPLEMENTATIONS = YES;
				CLANG_WARN_DIRECT_OBJC_ISA_USAGE = YES_ERROR;
				CLANG_WARN_DOCUMENTATION_COMMENTS = YES;
				CLANG_WARN_EMPTY_BODY = YES;
				CLANG_WARN_ENUM_CONVERSION = YES;
				CLANG_WARN_INFINITE_RECURSION = YES;
				CLANG_WARN_INT_CONVERSION = YES;
				CLANG_WARN_NON_LITERAL_NULL_CONVERSION = YES;
				CLANG_WARN_OBJC_IMPLICIT_RETAIN_SELF = YES;
				CLANG_WARN_OBJC_LITERAL_CONVERSION = YES;
				CLANG_WARN_OBJC_ROOT_CLASS = YES_ERROR;
				CLANG_WARN_QUOTED_INCLUDE_IN_FRAMEWORK_HEADER = YES;
				CLANG_WARN_RANGE_LOOP_ANALYSIS = YES;
				CLANG_WARN_STRICT_PROTOTYPES = YES;
				CLANG_WARN_SUSPICIOUS_MOVE = YES;
				CLANG_WARN_UNGUARDED_AVAILABILITY = YES_AGGRESSIVE;
				CLANG_WARN_UNREACHABLE_CODE = YES;
				CLANG_WARN__DUPLICATE_METHOD_MATCH = YES;
				COPY_PHASE_STRIP = NO;
				CURRENT_PROJECT_VERSION = 1;
				DEBUG_INFORMATION_FORMAT = dwarf;
				ENABLE_STRICT_OBJC_MSGSEND = YES;
				ENABLE_TESTABILITY = YES;
				GCC_C_LANGUAGE_STANDARD = gnu11;
				GCC_DYNAMIC_NO_PIC = NO;
				GCC_NO_COMMON_BLOCKS = YES;
				GCC_OPTIMIZATION_LEVEL = 0;
				GCC_PREPROCESSOR_DEFINITIONS = (
					"DEBUG=1",
					"$(inherited)",
				);
				GCC_WARN_64_TO_32_BIT_CONVERSION = YES;
				GCC_WARN_ABOUT_RETURN_TYPE = YES_ERROR;
				GCC_WARN_UNDECLARED_SELECTOR = YES;
				GCC_WARN_UNINITIALIZED_AUTOS = YES_AGGRESSIVE;
				GCC_WARN_UNUSED_FUNCTION = YES;
				GCC_WARN_UNUSED_VARIABLE = YES;
				IPHONEOS_DEPLOYMENT_TARGET = 14.4;
				MTL_ENABLE_DEBUG_INFO = INCLUDE_SOURCE;
				MTL_FAST_MATH = YES;
				ONLY_ACTIVE_ARCH = YES;
				SDKROOT = iphoneos;
				SWIFT_ACTIVE_COMPILATION_CONDITIONS = DEBUG;
				SWIFT_OPTIMIZATION_LEVEL = "-Onone";
				VERSIONING_SYSTEM = "apple-generic";
				VERSION_INFO_PREFIX = "";
			};
			name = Debug;
		};
		7F5D4DBE262D537300B4D8B5 /* Release */ = {
			isa = XCBuildConfiguration;
			buildSettings = {
				ALWAYS_SEARCH_USER_PATHS = NO;
				CLANG_ANALYZER_NONNULL = YES;
				CLANG_ANALYZER_NUMBER_OBJECT_CONVERSION = YES_AGGRESSIVE;
				CLANG_CXX_LANGUAGE_STANDARD = "gnu++14";
				CLANG_CXX_LIBRARY = "libc++";
				CLANG_ENABLE_MODULES = YES;
				CLANG_ENABLE_OBJC_ARC = YES;
				CLANG_ENABLE_OBJC_WEAK = YES;
				CLANG_WARN_BLOCK_CAPTURE_AUTORELEASING = YES;
				CLANG_WARN_BOOL_CONVERSION = YES;
				CLANG_WARN_COMMA = YES;
				CLANG_WARN_CONSTANT_CONVERSION = YES;
				CLANG_WARN_DEPRECATED_OBJC_IMPLEMENTATIONS = YES;
				CLANG_WARN_DIRECT_OBJC_ISA_USAGE = YES_ERROR;
				CLANG_WARN_DOCUMENTATION_COMMENTS = YES;
				CLANG_WARN_EMPTY_BODY = YES;
				CLANG_WARN_ENUM_CONVERSION = YES;
				CLANG_WARN_INFINITE_RECURSION = YES;
				CLANG_WARN_INT_CONVERSION = YES;
				CLANG_WARN_NON_LITERAL_NULL_CONVERSION = YES;
				CLANG_WARN_OBJC_IMPLICIT_RETAIN_SELF = YES;
				CLANG_WARN_OBJC_LITERAL_CONVERSION = YES;
				CLANG_WARN_OBJC_ROOT_CLASS = YES_ERROR;
				CLANG_WARN_QUOTED_INCLUDE_IN_FRAMEWORK_HEADER = YES;
				CLANG_WARN_RANGE_LOOP_ANALYSIS = YES;
				CLANG_WARN_STRICT_PROTOTYPES = YES;
				CLANG_WARN_SUSPICIOUS_MOVE = YES;
				CLANG_WARN_UNGUARDED_AVAILABILITY = YES_AGGRESSIVE;
				CLANG_WARN_UNREACHABLE_CODE = YES;
				CLANG_WARN__DUPLICATE_METHOD_MATCH = YES;
				COPY_PHASE_STRIP = NO;
				CURRENT_PROJECT_VERSION = 1;
				DEBUG_INFORMATION_FORMAT = "dwarf-with-dsym";
				ENABLE_NS_ASSERTIONS = NO;
				ENABLE_STRICT_OBJC_MSGSEND = YES;
				GCC_C_LANGUAGE_STANDARD = gnu11;
				GCC_NO_COMMON_BLOCKS = YES;
				GCC_WARN_64_TO_32_BIT_CONVERSION = YES;
				GCC_WARN_ABOUT_RETURN_TYPE = YES_ERROR;
				GCC_WARN_UNDECLARED_SELECTOR = YES;
				GCC_WARN_UNINITIALIZED_AUTOS = YES_AGGRESSIVE;
				GCC_WARN_UNUSED_FUNCTION = YES;
				GCC_WARN_UNUSED_VARIABLE = YES;
				IPHONEOS_DEPLOYMENT_TARGET = 14.4;
				MTL_ENABLE_DEBUG_INFO = NO;
				MTL_FAST_MATH = YES;
				SDKROOT = iphoneos;
				SWIFT_COMPILATION_MODE = wholemodule;
				SWIFT_OPTIMIZATION_LEVEL = "-O";
				VALIDATE_PRODUCT = YES;
				VERSIONING_SYSTEM = "apple-generic";
				VERSION_INFO_PREFIX = "";
			};
			name = Release;
		};
		7F5D4DC0262D537300B4D8B5 /* Debug */ = {
			isa = XCBuildConfiguration;
			baseConfigurationReference = 2D41D6DEBF12F16AD90A6B42 /* Pods-ACore.debug.xcconfig */;
			buildSettings = {
				CLANG_ENABLE_MODULES = YES;
				CODE_SIGN_STYLE = Automatic;
				DEFINES_MODULE = YES;
				DEVELOPMENT_TEAM = M7UE9XQX9P;
				DYLIB_COMPATIBILITY_VERSION = 1;
				DYLIB_CURRENT_VERSION = 1;
				DYLIB_INSTALL_NAME_BASE = "@rpath";
				INFOPLIST_FILE = ACore/Info.plist;
				INSTALL_PATH = "$(LOCAL_LIBRARY_DIR)/Frameworks";
				LD_RUNPATH_SEARCH_PATHS = (
					"$(inherited)",
					"@executable_path/Frameworks",
					"@loader_path/Frameworks",
				);
				PRODUCT_BUNDLE_IDENTIFIER = my.com.astro.mynjoi.ACore;
				PRODUCT_NAME = "$(TARGET_NAME:c99extidentifier)";
				SKIP_INSTALL = YES;
				SWIFT_OPTIMIZATION_LEVEL = "-Onone";
				SWIFT_VERSION = 5.0;
				TARGETED_DEVICE_FAMILY = "1,2";
			};
			name = Debug;
		};
		7F5D4DC1262D537300B4D8B5 /* Release */ = {
			isa = XCBuildConfiguration;
			baseConfigurationReference = C81F6C76A34934A719379D25 /* Pods-ACore.release.xcconfig */;
			buildSettings = {
				CLANG_ENABLE_MODULES = YES;
				CODE_SIGN_STYLE = Automatic;
				DEFINES_MODULE = YES;
				DEVELOPMENT_TEAM = M7UE9XQX9P;
				DYLIB_COMPATIBILITY_VERSION = 1;
				DYLIB_CURRENT_VERSION = 1;
				DYLIB_INSTALL_NAME_BASE = "@rpath";
				INFOPLIST_FILE = ACore/Info.plist;
				INSTALL_PATH = "$(LOCAL_LIBRARY_DIR)/Frameworks";
				LD_RUNPATH_SEARCH_PATHS = (
					"$(inherited)",
					"@executable_path/Frameworks",
					"@loader_path/Frameworks",
				);
				PRODUCT_BUNDLE_IDENTIFIER = my.com.astro.mynjoi.ACore;
				PRODUCT_NAME = "$(TARGET_NAME:c99extidentifier)";
				SKIP_INSTALL = YES;
				SWIFT_VERSION = 5.0;
				TARGETED_DEVICE_FAMILY = "1,2";
			};
			name = Release;
		};
		7F5D4DC3262D537300B4D8B5 /* Debug */ = {
			isa = XCBuildConfiguration;
			baseConfigurationReference = 469BC648BF09ADE4120B3E98 /* Pods-ACore-ACoreTests.debug.xcconfig */;
			buildSettings = {
				ALWAYS_EMBED_SWIFT_STANDARD_LIBRARIES = YES;
				CODE_SIGN_STYLE = Automatic;
				DEVELOPMENT_TEAM = M7UE9XQX9P;
				INFOPLIST_FILE = ACoreTests/Info.plist;
				LD_RUNPATH_SEARCH_PATHS = (
					"$(inherited)",
					"@executable_path/Frameworks",
					"@loader_path/Frameworks",
				);
				PRODUCT_BUNDLE_IDENTIFIER = my.com.astro.mynjoi.ACoreTests;
				PRODUCT_NAME = "$(TARGET_NAME)";
				SWIFT_VERSION = 5.0;
				TARGETED_DEVICE_FAMILY = "1,2";
			};
			name = Debug;
		};
		7F5D4DC4262D537300B4D8B5 /* Release */ = {
			isa = XCBuildConfiguration;
			baseConfigurationReference = A74D159D2D94AF1318952D78 /* Pods-ACore-ACoreTests.release.xcconfig */;
			buildSettings = {
				ALWAYS_EMBED_SWIFT_STANDARD_LIBRARIES = YES;
				CODE_SIGN_STYLE = Automatic;
				DEVELOPMENT_TEAM = M7UE9XQX9P;
				INFOPLIST_FILE = ACoreTests/Info.plist;
				LD_RUNPATH_SEARCH_PATHS = (
					"$(inherited)",
					"@executable_path/Frameworks",
					"@loader_path/Frameworks",
				);
				PRODUCT_BUNDLE_IDENTIFIER = my.com.astro.mynjoi.ACoreTests;
				PRODUCT_NAME = "$(TARGET_NAME)";
				SWIFT_VERSION = 5.0;
				TARGETED_DEVICE_FAMILY = "1,2";
			};
			name = Release;
		};
/* End XCBuildConfiguration section */

/* Begin XCConfigurationList section */
		7F5D4DA5262D537300B4D8B5 /* Build configuration list for PBXProject "ACore" */ = {
			isa = XCConfigurationList;
			buildConfigurations = (
				7F5D4DBD262D537300B4D8B5 /* Debug */,
				7F5D4DBE262D537300B4D8B5 /* Release */,
			);
			defaultConfigurationIsVisible = 0;
			defaultConfigurationName = Release;
		};
		7F5D4DBF262D537300B4D8B5 /* Build configuration list for PBXNativeTarget "ACore" */ = {
			isa = XCConfigurationList;
			buildConfigurations = (
				7F5D4DC0262D537300B4D8B5 /* Debug */,
				7F5D4DC1262D537300B4D8B5 /* Release */,
			);
			defaultConfigurationIsVisible = 0;
			defaultConfigurationName = Release;
		};
		7F5D4DC2262D537300B4D8B5 /* Build configuration list for PBXNativeTarget "ACoreTests" */ = {
			isa = XCConfigurationList;
			buildConfigurations = (
				7F5D4DC3262D537300B4D8B5 /* Debug */,
				7F5D4DC4262D537300B4D8B5 /* Release */,
			);
			defaultConfigurationIsVisible = 0;
			defaultConfigurationName = Release;
		};
/* End XCConfigurationList section */
	};
	rootObject = 7F5D4DA2262D537300B4D8B5 /* Project object */;
}
